
Microsoft Visual Studio Solution File, Format Version 12.00
# Visual Studio Version 16
VisualStudioVersion = 16.0.29424.173
MinimumVisualStudioVersion = 10.0.40219.1
Project("{FAE04EC0-301F-11D3-BF4B-00C04F79EFBC}") = "DilbertDownloader", "DilbertDownloader\DilbertDownloader.csproj", "{448C963A-CBA0-47E8-B077-D68490ACFBCF}"
EndProject
Global
	GlobalSection(SolutionConfigurationPlatforms) = preSolution
		Debug|Any CPU = Debug|Any CPU
		Release|Any CPU = Release|Any CPU
	EndGlobalSection
	GlobalSection(ProjectConfigurationPlatforms) = postSolution
		{448C963A-CBA0-47E8-B077-D68490ACFBCF}.Debug|Any CPU.ActiveCfg = Debug|Any CPU
		{448C963A-CBA0-47E8-B077-D68490ACFBCF}.Debug|Any CPU.Build.0 = Debug|Any CPU
		{448C963A-CBA0-47E8-B077-D68490ACFBCF}.Release|Any CPU.ActiveCfg = Release|Any CPU
		{448C963A-CBA0-47E8-B077-D68490ACFBCF}.Release|Any CPU.Build.0 = Release|Any CPU
	EndGlobalSection
	GlobalSection(SolutionProperties) = preSolution
		HideSolutionNode = FALSE
	EndGlobalSection
	GlobalSection(ExtensibilityGlobals) = postSolution
		SolutionGuid = {DB71217D-49F2-4528-9125-DFD0F7B0FDE4}
	EndGlobalSection
EndGlobal
